
Microsoft Visual Studio Solution File, Format Version 12.00
# Visual Studio Version 16
VisualStudioVersion = 16.0.29911.84
MinimumVisualStudioVersion = 10.0.40219.1
Project("{FAE04EC0-301F-11D3-BF4B-00C04F79EFBC}") = "1_Configuration_Builder", "Configuration_Builder\1_Configuration_Builder.csproj", "{ECF4EDE8-E3B8-44F9-BCAF-EC734C9DC494}"
EndProject
Project("{FAE04EC0-301F-11D3-BF4B-00C04F79EFBC}") = "2_Dependency_Injection", "Dependency_Injection\2_Dependency_Injection.csproj", "{D3F4CF0C-98FE-4157-B191-61041B70A770}"
EndProject
Project("{FAE04EC0-301F-11D3-BF4B-00C04F79EFBC}") = "3_Middleware", "Middleware\3_Middleware.csproj", "{850EEB72-190E-49B3-B082-3DCB2BC3B702}"
EndProject
Global
	GlobalSection(SolutionConfigurationPlatforms) = preSolution
		Debug|Any CPU = Debug|Any CPU
		Release|Any CPU = Release|Any CPU
	EndGlobalSection
	GlobalSection(ProjectConfigurationPlatforms) = postSolution
		{ECF4EDE8-E3B8-44F9-BCAF-EC734C9DC494}.Debug|Any CPU.ActiveCfg = Debug|Any CPU
		{ECF4EDE8-E3B8-44F9-BCAF-EC734C9DC494}.Debug|Any CPU.Build.0 = Debug|Any CPU
		{ECF4EDE8-E3B8-44F9-BCAF-EC734C9DC494}.Release|Any CPU.ActiveCfg = Release|Any CPU
		{ECF4EDE8-E3B8-44F9-BCAF-EC734C9DC494}.Release|Any CPU.Build.0 = Release|Any CPU
		{D3F4CF0C-98FE-4157-B191-61041B70A770}.Debug|Any CPU.ActiveCfg = Debug|Any CPU
		{D3F4CF0C-98FE-4157-B191-61041B70A770}.Debug|Any CPU.Build.0 = Debug|Any CPU
		{D3F4CF0C-98FE-4157-B191-61041B70A770}.Release|Any CPU.ActiveCfg = Release|Any CPU
		{D3F4CF0C-98FE-4157-B191-61041B70A770}.Release|Any CPU.Build.0 = Release|Any CPU
		{850EEB72-190E-49B3-B082-3DCB2BC3B702}.Debug|Any CPU.ActiveCfg = Debug|Any CPU
		{850EEB72-190E-49B3-B082-3DCB2BC3B702}.Debug|Any CPU.Build.0 = Debug|Any CPU
		{850EEB72-190E-49B3-B082-3DCB2BC3B702}.Release|Any CPU.ActiveCfg = Release|Any CPU
		{850EEB72-190E-49B3-B082-3DCB2BC3B702}.Release|Any CPU.Build.0 = Release|Any CPU
	EndGlobalSection
	GlobalSection(SolutionProperties) = preSolution
		HideSolutionNode = FALSE
	EndGlobalSection
	GlobalSection(ExtensibilityGlobals) = postSolution
		SolutionGuid = {E25C6967-B2DF-49C5-B388-D2093A08C21E}
	EndGlobalSection
EndGlobal
